
Microsoft Visual Studio Solution File, Format Version 12.00
# Visual Studio Version 17
VisualStudioVersion = 17.6.33815.320
MinimumVisualStudioVersion = 10.0.40219.1
Project("{9A19103F-16F7-4668-BE54-9A1E7A4F7556}") = "WebChatClientApp", "WebChatClientApp.csproj", "{DE0C7C6A-5638-49CA-A315-85E0F2C05984}"
EndProject
Project("{9A19103F-16F7-4668-BE54-9A1E7A4F7556}") = "WebChatApp", "..\WebChatApp\WebChatApp.csproj", "{CE9D5F81-869C-4B45-BCA1-CC8838DEE79D}"
EndProject
Global
	GlobalSection(SolutionConfigurationPlatforms) = preSolution
		Debug|Any CPU = Debug|Any CPU
		Release|Any CPU = Release|Any CPU
	EndGlobalSection
	GlobalSection(ProjectConfigurationPlatforms) = postSolution
		{DE0C7C6A-5638-49CA-A315-85E0F2C05984}.Debug|Any CPU.ActiveCfg = Debug|Any CPU
		{DE0C7C6A-5638-49CA-A315-85E0F2C05984}.Debug|Any CPU.Build.0 = Debug|Any CPU
		{DE0C7C6A-5638-49CA-A315-85E0F2C05984}.Release|Any CPU.ActiveCfg = Release|Any CPU
		{DE0C7C6A-5638-49CA-A315-85E0F2C05984}.Release|Any CPU.Build.0 = Release|Any CPU
		{CE9D5F81-869C-4B45-BCA1-CC8838DEE79D}.Debug|Any CPU.ActiveCfg = Debug|Any CPU
		{CE9D5F81-869C-4B45-BCA1-CC8838DEE79D}.Debug|Any CPU.Build.0 = Debug|Any CPU
		{CE9D5F81-869C-4B45-BCA1-CC8838DEE79D}.Release|Any CPU.ActiveCfg = Release|Any CPU
		{CE9D5F81-869C-4B45-BCA1-CC8838DEE79D}.Release|Any CPU.Build.0 = Release|Any CPU
	EndGlobalSection
	GlobalSection(SolutionProperties) = preSolution
		HideSolutionNode = FALSE
	EndGlobalSection
	GlobalSection(ExtensibilityGlobals) = postSolution
		SolutionGuid = {376EC16B-5817-4D24-8DE4-2C565FA20041}
	EndGlobalSection
EndGlobal
